// !$*UTF8*$!
{
	archiveVersion = 1;
	classes = {
	};
	objectVersion = 50;
	objects = {

/* Begin PBXBuildFile section */
		D22FF31622ADA1B600B24D49 /* trashAzureModel.mlmodel in Sources */ = {isa = PBXBuildFile; fileRef = D22FF31522ADA1B500B24D49 /* trashAzureModel.mlmodel */; };
		D2358A4022AC5A6C003B2E43 /* AppDelegate.swift in Sources */ = {isa = PBXBuildFile; fileRef = D2358A3F22AC5A6C003B2E43 /* AppDelegate.swift */; };
		D2358A4222AC5A6C003B2E43 /* ViewController.swift in Sources */ = {isa = PBXBuildFile; fileRef = D2358A4122AC5A6C003B2E43 /* ViewController.swift */; };
		D2358A4522AC5A6C003B2E43 /* Main.storyboard in Resources */ = {isa = PBXBuildFile; fileRef = D2358A4322AC5A6C003B2E43 /* Main.storyboard */; };
		D2358A4822AC5A6C003B2E43 /* HackThatTrash.xcdatamodeld in Sources */ = {isa = PBXBuildFile; fileRef = D2358A4622AC5A6C003B2E43 /* HackThatTrash.xcdatamodeld */; };
		D2358A4A22AC5A77003B2E43 /* Assets.xcassets in Resources */ = {isa = PBXBuildFile; fileRef = D2358A4922AC5A77003B2E43 /* Assets.xcassets */; };
		D2358A4D22AC5A77003B2E43 /* LaunchScreen.storyboard in Resources */ = {isa = PBXBuildFile; fileRef = D2358A4B22AC5A77003B2E43 /* LaunchScreen.storyboard */; };
		D2358A5822AC5A79003B2E43 /* HackThatTrashTests.swift in Sources */ = {isa = PBXBuildFile; fileRef = D2358A5722AC5A79003B2E43 /* HackThatTrashTests.swift */; };
		D2358A6322AC5A79003B2E43 /* HackThatTrashUITests.swift in Sources */ = {isa = PBXBuildFile; fileRef = D2358A6222AC5A79003B2E43 /* HackThatTrashUITests.swift */; };
		D2358A7222AD79CC003B2E43 /* trashModel.mlmodel in Sources */ = {isa = PBXBuildFile; fileRef = D2358A7122AD79CB003B2E43 /* trashModel.mlmodel */; };
/* End PBXBuildFile section */

/* Begin PBXContainerItemProxy section */
		D2358A5422AC5A79003B2E43 /* PBXContainerItemProxy */ = {
			isa = PBXContainerItemProxy;
			containerPortal = D2358A3422AC5A6A003B2E43 /* Project object */;
			proxyType = 1;
			remoteGlobalIDString = D2358A3B22AC5A6B003B2E43;
			remoteInfo = HackThatTrash;
		};
		D2358A5F22AC5A79003B2E43 /* PBXContainerItemProxy */ = {
			isa = PBXContainerItemProxy;
			containerPortal = D2358A3422AC5A6A003B2E43 /* Project object */;
			proxyType = 1;
			remoteGlobalIDString = D2358A3B22AC5A6B003B2E43;
			remoteInfo = HackThatTrash;
		};
/* End PBXContainerItemProxy section */

/* Begin PBXFileReference section */
		D22FF31522ADA1B500B24D49 /* trashAzureModel.mlmodel */ = {isa = PBXFileReference; lastKnownFileType = file.mlmodel; path = trashAzureModel.mlmodel; sourceTree = "<group>"; };
		D2358A3C22AC5A6B003B2E43 /* HackThatTrash.app */ = {isa = PBXFileReference; explicitFileType = wrapper.application; includeInIndex = 0; path = HackThatTrash.app; sourceTree = BUILT_PRODUCTS_DIR; };
		D2358A3F22AC5A6C003B2E43 /* AppDelegate.swift */ = {isa = PBXFileReference; lastKnownFileType = sourcecode.swift; path = AppDelegate.swift; sourceTree = "<group>"; };
		D2358A4122AC5A6C003B2E43 /* ViewController.swift */ = {isa = PBXFileReference; lastKnownFileType = sourcecode.swift; path = ViewController.swift; sourceTree = "<group>"; };
		D2358A4422AC5A6C003B2E43 /* Base */ = {isa = PBXFileReference; lastKnownFileType = file.storyboard; name = Base; path = Base.lproj/Main.storyboard; sourceTree = "<group>"; };
		D2358A4722AC5A6C003B2E43 /* HackThatTrash.xcdatamodel */ = {isa = PBXFileReference; lastKnownFileType = wrapper.xcdatamodel; path = HackThatTrash.xcdatamodel; sourceTree = "<group>"; };
		D2358A4922AC5A77003B2E43 /* Assets.xcassets */ = {isa = PBXFileReference; lastKnownFileType = folder.assetcatalog; path = Assets.xcassets; sourceTree = "<group>"; };
		D2358A4C22AC5A77003B2E43 /* Base */ = {isa = PBXFileReference; lastKnownFileType = file.storyboard; name = Base; path = Base.lproj/LaunchScreen.storyboard; sourceTree = "<group>"; };
		D2358A4E22AC5A77003B2E43 /* Info.plist */ = {isa = PBXFileReference; lastKnownFileType = text.plist.xml; path = Info.plist; sourceTree = "<group>"; };
		D2358A5322AC5A79003B2E43 /* HackThatTrashTests.xctest */ = {isa = PBXFileReference; explicitFileType = wrapper.cfbundle; includeInIndex = 0; path = HackThatTrashTests.xctest; sourceTree = BUILT_PRODUCTS_DIR; };
		D2358A5722AC5A79003B2E43 /* HackThatTrashTests.swift */ = {isa = PBXFileReference; lastKnownFileType = sourcecode.swift; path = HackThatTrashTests.swift; sourceTree = "<group>"; };
		D2358A5922AC5A79003B2E43 /* Info.plist */ = {isa = PBXFileReference; lastKnownFileType = text.plist.xml; path = Info.plist; sourceTree = "<group>"; };
		D2358A5E22AC5A79003B2E43 /* HackThatTrashUITests.xctest */ = {isa = PBXFileReference; explicitFileType = wrapper.cfbundle; includeInIndex = 0; path = HackThatTrashUITests.xctest; sourceTree = BUILT_PRODUCTS_DIR; };
		D2358A6222AC5A79003B2E43 /* HackThatTrashUITests.swift */ = {isa = PBXFileReference; lastKnownFileType = sourcecode.swift; path = HackThatTrashUITests.swift; sourceTree = "<group>"; };
		D2358A6422AC5A79003B2E43 /* Info.plist */ = {isa = PBXFileReference; lastKnownFileType = text.plist.xml; path = Info.plist; sourceTree = "<group>"; };
		D2358A7122AD79CB003B2E43 /* trashModel.mlmodel */ = {isa = PBXFileReference; lastKnownFileType = file.mlmodel; path = trashModel.mlmodel; sourceTree = "<group>"; };
/* End PBXFileReference section */

/* Begin PBXFrameworksBuildPhase section */
		D2358A3922AC5A6B003B2E43 /* Frameworks */ = {
			isa = PBXFrameworksBuildPhase;
			buildActionMask = 2147483647;
			files = (
			);
			runOnlyForDeploymentPostprocessing = 0;
		};
		D2358A5022AC5A79003B2E43 /* Frameworks */ = {
			isa = PBXFrameworksBuildPhase;
			buildActionMask = 2147483647;
			files = (
			);
			runOnlyForDeploymentPostprocessing = 0;
		};
		D2358A5B22AC5A79003B2E43 /* Frameworks */ = {
			isa = PBXFrameworksBuildPhase;
			buildActionMask = 2147483647;
			files = (
			);
			runOnlyForDeploymentPostprocessing = 0;
		};
/* End PBXFrameworksBuildPhase section */

/* Begin PBXGroup section */
		D2358A3322AC5A6A003B2E43 = {
			isa = PBXGroup;
			children = (
				D2358A3E22AC5A6B003B2E43 /* HackThatTrash */,
				D2358A5622AC5A79003B2E43 /* HackThatTrashTests */,
				D2358A6122AC5A79003B2E43 /* HackThatTrashUITests */,
				D2358A3D22AC5A6B003B2E43 /* Products */,
			);
			sourceTree = "<group>";
		};
		D2358A3D22AC5A6B003B2E43 /* Products */ = {
			isa = PBXGroup;
			children = (
				D2358A3C22AC5A6B003B2E43 /* HackThatTrash.app */,
				D2358A5322AC5A79003B2E43 /* HackThatTrashTests.xctest */,
				D2358A5E22AC5A79003B2E43 /* HackThatTrashUITests.xctest */,
			);
			name = Products;
			sourceTree = "<group>";
		};
		D2358A3E22AC5A6B003B2E43 /* HackThatTrash */ = {
			isa = PBXGroup;
			children = (
				D2358A3F22AC5A6C003B2E43 /* AppDelegate.swift */,
				D2358A4122AC5A6C003B2E43 /* ViewController.swift */,
				D2358A4322AC5A6C003B2E43 /* Main.storyboard */,
				D2358A4922AC5A77003B2E43 /* Assets.xcassets */,
				D2358A4B22AC5A77003B2E43 /* LaunchScreen.storyboard */,
				D2358A7122AD79CB003B2E43 /* trashModel.mlmodel */,
				D22FF31522ADA1B500B24D49 /* trashAzureModel.mlmodel */,
				D2358A4E22AC5A77003B2E43 /* Info.plist */,
				D2358A4622AC5A6C003B2E43 /* HackThatTrash.xcdatamodeld */,
			);
			path = HackThatTrash;
			sourceTree = "<group>";
		};
		D2358A5622AC5A79003B2E43 /* HackThatTrashTests */ = {
			isa = PBXGroup;
			children = (
				D2358A5722AC5A79003B2E43 /* HackThatTrashTests.swift */,
				D2358A5922AC5A79003B2E43 /* Info.plist */,
			);
			path = HackThatTrashTests;
			sourceTree = "<group>";
		};
		D2358A6122AC5A79003B2E43 /* HackThatTrashUITests */ = {
			isa = PBXGroup;
			children = (
				D2358A6222AC5A79003B2E43 /* HackThatTrashUITests.swift */,
				D2358A6422AC5A79003B2E43 /* Info.plist */,
			);
			path = HackThatTrashUITests;
			sourceTree = "<group>";
		};
/* End PBXGroup section */

/* Begin PBXNativeTarget section */
		D2358A3B22AC5A6B003B2E43 /* HackThatTrash */ = {
			isa = PBXNativeTarget;
			buildConfigurationList = D2358A6722AC5A79003B2E43 /* Build configuration list for PBXNativeTarget "HackThatTrash" */;
			buildPhases = (
				D2358A3822AC5A6B003B2E43 /* Sources */,
				D2358A3922AC5A6B003B2E43 /* Frameworks */,
				D2358A3A22AC5A6B003B2E43 /* Resources */,
			);
			buildRules = (
			);
			dependencies = (
			);
			name = HackThatTrash;
			productName = HackThatTrash;
			productReference = D2358A3C22AC5A6B003B2E43 /* HackThatTrash.app */;
			productType = "com.apple.product-type.application";
		};
		D2358A5222AC5A79003B2E43 /* HackThatTrashTests */ = {
			isa = PBXNativeTarget;
			buildConfigurationList = D2358A6A22AC5A79003B2E43 /* Build configuration list for PBXNativeTarget "HackThatTrashTests" */;
			buildPhases = (
				D2358A4F22AC5A79003B2E43 /* Sources */,
				D2358A5022AC5A79003B2E43 /* Frameworks */,
				D2358A5122AC5A79003B2E43 /* Resources */,
			);
			buildRules = (
			);
			dependencies = (
				D2358A5522AC5A79003B2E43 /* PBXTargetDependency */,
			);
			name = HackThatTrashTests;
			productName = HackThatTrashTests;
			productReference = D2358A5322AC5A79003B2E43 /* HackThatTrashTests.xctest */;
			productType = "com.apple.product-type.bundle.unit-test";
		};
		D2358A5D22AC5A79003B2E43 /* HackThatTrashUITests */ = {
			isa = PBXNativeTarget;
			buildConfigurationList = D2358A6D22AC5A79003B2E43 /* Build configuration list for PBXNativeTarget "HackThatTrashUITests" */;
			buildPhases = (
				D2358A5A22AC5A79003B2E43 /* Sources */,
				D2358A5B22AC5A79003B2E43 /* Frameworks */,
				D2358A5C22AC5A79003B2E43 /* Resources */,
			);
			buildRules = (
			);
			dependencies = (
				D2358A6022AC5A79003B2E43 /* PBXTargetDependency */,
			);
			name = HackThatTrashUITests;
			productName = HackThatTrashUITests;
			productReference = D2358A5E22AC5A79003B2E43 /* HackThatTrashUITests.xctest */;
			productType = "com.apple.product-type.bundle.ui-testing";
		};
/* End PBXNativeTarget section */

/* Begin PBXProject section */
		D2358A3422AC5A6A003B2E43 /* Project object */ = {
			isa = PBXProject;
			attributes = {
				LastSwiftUpdateCheck = 1010;
				LastUpgradeCheck = 1010;
				ORGANIZATIONNAME = SJ;
				TargetAttributes = {
					D2358A3B22AC5A6B003B2E43 = {
						CreatedOnToolsVersion = 10.1;
					};
					D2358A5222AC5A79003B2E43 = {
						CreatedOnToolsVersion = 10.1;
						TestTargetID = D2358A3B22AC5A6B003B2E43;
					};
					D2358A5D22AC5A79003B2E43 = {
						CreatedOnToolsVersion = 10.1;
						TestTargetID = D2358A3B22AC5A6B003B2E43;
					};
				};
			};
			buildConfigurationList = D2358A3722AC5A6B003B2E43 /* Build configuration list for PBXProject "HackThatTrash" */;
			compatibilityVersion = "Xcode 9.3";
			developmentRegion = en;
			hasScannedForEncodings = 0;
			knownRegions = (
				en,
				Base,
			);
			mainGroup = D2358A3322AC5A6A003B2E43;
			productRefGroup = D2358A3D22AC5A6B003B2E43 /* Products */;
			projectDirPath = "";
			projectRoot = "";
			targets = (
				D2358A3B22AC5A6B003B2E43 /* HackThatTrash */,
				D2358A5222AC5A79003B2E43 /* HackThatTrashTests */,
				D2358A5D22AC5A79003B2E43 /* HackThatTrashUITests */,
			);
		};
/* End PBXProject section */

/* Begin PBXResourcesBuildPhase section */
		D2358A3A22AC5A6B003B2E43 /* Resources */ = {
			isa = PBXResourcesBuildPhase;
			buildActionMask = 2147483647;
			files = (
				D2358A4D22AC5A77003B2E43 /* LaunchScreen.storyboard in Resources */,
				D2358A4A22AC5A77003B2E43 /* Assets.xcassets in Resources */,
				D2358A4522AC5A6C003B2E43 /* Main.storyboard in Resources */,
			);
			runOnlyForDeploymentPostprocessing = 0;
		};
		D2358A5122AC5A79003B2E43 /* Resources */ = {
			isa = PBXResourcesBuildPhase;
			buildActionMask = 2147483647;
			files = (
			);
			runOnlyForDeploymentPostprocessing = 0;
		};
		D2358A5C22AC5A79003B2E43 /* Resources */ = {
			isa = PBXResourcesBuildPhase;
			buildActionMask = 2147483647;
			files = (
			);
			runOnlyForDeploymentPostprocessing = 0;
		};
/* End PBXResourcesBuildPhase section */

/* Begin PBXSourcesBuildPhase section */
		D2358A3822AC5A6B003B2E43 /* Sources */ = {
			isa = PBXSourcesBuildPhase;
			buildActionMask = 2147483647;
			files = (
				D2358A4822AC5A6C003B2E43 /* HackThatTrash.xcdatamodeld in Sources */,
				D22FF31622ADA1B600B24D49 /* trashAzureModel.mlmodel in Sources */,
				D2358A7222AD79CC003B2E43 /* trashModel.mlmodel in Sources */,
				D2358A4222AC5A6C003B2E43 /* ViewController.swift in Sources */,
				D2358A4022AC5A6C003B2E43 /* AppDelegate.swift in Sources */,
			);
			runOnlyForDeploymentPostprocessing = 0;
		};
		D2358A4F22AC5A79003B2E43 /* Sources */ = {
			isa = PBXSourcesBuildPhase;
			buildActionMask = 2147483647;
			files = (
				D2358A5822AC5A79003B2E43 /* HackThatTrashTests.swift in Sources */,
			);
			runOnlyForDeploymentPostprocessing = 0;
		};
		D2358A5A22AC5A79003B2E43 /* Sources */ = {
			isa = PBXSourcesBuildPhase;
			buildActionMask = 2147483647;
			files = (
				D2358A6322AC5A79003B2E43 /* HackThatTrashUITests.swift in Sources */,
			);
			runOnlyForDeploymentPostprocessing = 0;
		};
/* End PBXSourcesBuildPhase section */

/* Begin PBXTargetDependency section */
		D2358A5522AC5A79003B2E43 /* PBXTargetDependency */ = {
			isa = PBXTargetDependency;
			target = D2358A3B22AC5A6B003B2E43 /* HackThatTrash */;
			targetProxy = D2358A5422AC5A79003B2E43 /* PBXContainerItemProxy */;
		};
		D2358A6022AC5A79003B2E43 /* PBXTargetDependency */ = {
			isa = PBXTargetDependency;
			target = D2358A3B22AC5A6B003B2E43 /* HackThatTrash */;
			targetProxy = D2358A5F22AC5A79003B2E43 /* PBXContainerItemProxy */;
		};
/* End PBXTargetDependency section */

/* Begin PBXVariantGroup section */
		D2358A4322AC5A6C003B2E43 /* Main.storyboard */ = {
			isa = PBXVariantGroup;
			children = (
				D2358A4422AC5A6C003B2E43 /* Base */,
			);
			name = Main.storyboard;
			sourceTree = "<group>";
		};
		D2358A4B22AC5A77003B2E43 /* LaunchScreen.storyboard */ = {
			isa = PBXVariantGroup;
			children = (
				D2358A4C22AC5A77003B2E43 /* Base */,
			);
			name = LaunchScreen.storyboard;
			sourceTree = "<group>";
		};
/* End PBXVariantGroup section */

/* Begin XCBuildConfiguration section */
		D2358A6522AC5A79003B2E43 /* Debug */ = {
			isa = XCBuildConfiguration;
			buildSettings = {
				ALWAYS_SEARCH_USER_PATHS = NO;
				CLANG_ANALYZER_NONNULL = YES;
				CLANG_ANALYZER_NUMBER_OBJECT_CONVERSION = YES_AGGRESSIVE;
				CLANG_CXX_LANGUAGE_STANDARD = "gnu++14";
				CLANG_CXX_LIBRARY = "libc++";
				CLANG_ENABLE_MODULES = YES;
				CLANG_ENABLE_OBJC_ARC = YES;
				CLANG_ENABLE_OBJC_WEAK = YES;
				CLANG_WARN_BLOCK_CAPTURE_AUTORELEASING = YES;
				CLANG_WARN_BOOL_CONVERSION = YES;
				CLANG_WARN_COMMA = YES;
				CLANG_WARN_CONSTANT_CONVERSION = YES;
				CLANG_WARN_DEPRECATED_OBJC_IMPLEMENTATIONS = YES;
				CLANG_WARN_DIRECT_OBJC_ISA_USAGE = YES_ERROR;
				CLANG_WARN_DOCUMENTATION_COMMENTS = YES;
				CLANG_WARN_EMPTY_BODY = YES;
				CLANG_WARN_ENUM_CONVERSION = YES;
				CLANG_WARN_INFINITE_RECURSION = YES;
				CLANG_WARN_INT_CONVERSION = YES;
				CLANG_WARN_NON_LITERAL_NULL_CONVERSION = YES;
				CLANG_WARN_OBJC_IMPLICIT_RETAIN_SELF = YES;
				CLANG_WARN_OBJC_LITERAL_CONVERSION = YES;
				CLANG_WARN_OBJC_ROOT_CLASS = YES_ERROR;
				CLANG_WARN_RANGE_LOOP_ANALYSIS = YES;
				CLANG_WARN_STRICT_PROTOTYPES = YES;
				CLANG_WARN_SUSPICIOUS_MOVE = YES;
				CLANG_WARN_UNGUARDED_AVAILABILITY = YES_AGGRESSIVE;
				CLANG_WARN_UNREACHABLE_CODE = YES;
				CLANG_WARN__DUPLICATE_METHOD_MATCH = YES;
				CODE_SIGN_IDENTITY = "iPhone Developer";
				COPY_PHASE_STRIP = NO;
				DEBUG_INFORMATION_FORMAT = dwarf;
				ENABLE_STRICT_OBJC_MSGSEND = YES;
				ENABLE_TESTABILITY = YES;
				GCC_C_LANGUAGE_STANDARD = gnu11;
				GCC_DYNAMIC_NO_PIC = NO;
				GCC_NO_COMMON_BLOCKS = YES;
				GCC_OPTIMIZATION_LEVEL = 0;
				GCC_PREPROCESSOR_DEFINITIONS = (
					"DEBUG=1",
					"$(inherited)",
				);
				GCC_WARN_64_TO_32_BIT_CONVERSION = YES;
				GCC_WARN_ABOUT_RETURN_TYPE = YES_ERROR;
				GCC_WARN_UNDECLARED_SELECTOR = YES;
				GCC_WARN_UNINITIALIZED_AUTOS = YES_AGGRESSIVE;
				GCC_WARN_UNUSED_FUNCTION = YES;
				GCC_WARN_UNUSED_VARIABLE = YES;
				IPHONEOS_DEPLOYMENT_TARGET = 12.1;
				MTL_ENABLE_DEBUG_INFO = INCLUDE_SOURCE;
				MTL_FAST_MATH = YES;
				ONLY_ACTIVE_ARCH = YES;
				SDKROOT = iphoneos;
				SWIFT_ACTIVE_COMPILATION_CONDITIONS = DEBUG;
				SWIFT_OPTIMIZATION_LEVEL = "-Onone";
			};
			name = Debug;
		};
		D2358A6622AC5A79003B2E43 /* Release */ = {
			isa = XCBuildConfiguration;
			buildSettings = {
				ALWAYS_SEARCH_USER_PATHS = NO;
				CLANG_ANALYZER_NONNULL = YES;
				CLANG_ANALYZER_NUMBER_OBJECT_CONVERSION = YES_AGGRESSIVE;
				CLANG_CXX_LANGUAGE_STANDARD = "gnu++14";
				CLANG_CXX_LIBRARY = "libc++";
				CLANG_ENABLE_MODULES = YES;
				CLANG_ENABLE_OBJC_ARC = YES;
				CLANG_ENABLE_OBJC_WEAK = YES;
				CLANG_WARN_BLOCK_CAPTURE_AUTORELEASING = YES;
				CLANG_WARN_BOOL_CONVERSION = YES;
				CLANG_WARN_COMMA = YES;
				CLANG_WARN_CONSTANT_CONVERSION = YES;
				CLANG_WARN_DEPRECATED_OBJC_IMPLEMENTATIONS = YES;
				CLANG_WARN_DIRECT_OBJC_ISA_USAGE = YES_ERROR;
				CLANG_WARN_DOCUMENTATION_COMMENTS = YES;
				CLANG_WARN_EMPTY_BODY = YES;
				CLANG_WARN_ENUM_CONVERSION = YES;
				CLANG_WARN_INFINITE_RECURSION = YES;
				CLANG_WARN_INT_CONVERSION = YES;
				CLANG_WARN_NON_LITERAL_NULL_CONVERSION = YES;
				CLANG_WARN_OBJC_IMPLICIT_RETAIN_SELF = YES;
				CLANG_WARN_OBJC_LITERAL_CONVERSION = YES;
				CLANG_WARN_OBJC_ROOT_CLASS = YES_ERROR;
				CLANG_WARN_RANGE_LOOP_ANALYSIS = YES;
				CLANG_WARN_STRICT_PROTOTYPES = YES;
				CLANG_WARN_SUSPICIOUS_MOVE = YES;
				CLANG_WARN_UNGUARDED_AVAILABILITY = YES_AGGRESSIVE;
				CLANG_WARN_UNREACHABLE_CODE = YES;
				CLANG_WARN__DUPLICATE_METHOD_MATCH = YES;
				CODE_SIGN_IDENTITY = "iPhone Developer";
				COPY_PHASE_STRIP = NO;
				DEBUG_INFORMATION_FORMAT = "dwarf-with-dsym";
				ENABLE_NS_ASSERTIONS = NO;
				ENABLE_STRICT_OBJC_MSGSEND = YES;
				GCC_C_LANGUAGE_STANDARD = gnu11;
				GCC_NO_COMMON_BLOCKS = YES;
				GCC_WARN_64_TO_32_BIT_CONVERSION = YES;
				GCC_WARN_ABOUT_RETURN_TYPE = YES_ERROR;
				GCC_WARN_UNDECLARED_SELECTOR = YES;
				GCC_WARN_UNINITIALIZED_AUTOS = YES_AGGRESSIVE;
				GCC_WARN_UNUSED_FUNCTION = YES;
				GCC_WARN_UNUSED_VARIABLE = YES;
				IPHONEOS_DEPLOYMENT_TARGET = 12.1;
				MTL_ENABLE_DEBUG_INFO = NO;
				MTL_FAST_MATH = YES;
				SDKROOT = iphoneos;
				SWIFT_COMPILATION_MODE = wholemodule;
				SWIFT_OPTIMIZATION_LEVEL = "-O";
				VALIDATE_PRODUCT = YES;
			};
			name = Release;
		};
		D2358A6822AC5A79003B2E43 /* Debug */ = {
			isa = XCBuildConfiguration;
			buildSettings = {
				ASSETCATALOG_COMPILER_APPICON_NAME = AppIcon;
				CODE_SIGN_STYLE = Automatic;
				DEVELOPMENT_TEAM = CLC72TB79Z;
				INFOPLIST_FILE = HackThatTrash/Info.plist;
				IPHONEOS_DEPLOYMENT_TARGET = 12.1;
				LD_RUNPATH_SEARCH_PATHS = (
					"$(inherited)",
					"@executable_path/Frameworks",
				);
				PRODUCT_BUNDLE_IDENTIFIER = "tech.shruti-jana.HackThatTrash";
				PRODUCT_NAME = "$(TARGET_NAME)";
				SWIFT_VERSION = 4.2;
				TARGETED_DEVICE_FAMILY = "1,2";
			};
			name = Debug;
		};
		D2358A6922AC5A79003B2E43 /* Release */ = {
			isa = XCBuildConfiguration;
			buildSettings = {
				ASSETCATALOG_COMPILER_APPICON_NAME = AppIcon;
				CODE_SIGN_STYLE = Automatic;
				DEVELOPMENT_TEAM = CLC72TB79Z;
				INFOPLIST_FILE = HackThatTrash/Info.plist;
				IPHONEOS_DEPLOYMENT_TARGET = 12.1;
				LD_RUNPATH_SEARCH_PATHS = (
					"$(inherited)",
					"@executable_path/Frameworks",
				);
				PRODUCT_BUNDLE_IDENTIFIER = "tech.shruti-jana.HackThatTrash";
				PRODUCT_NAME = "$(TARGET_NAME)";
				SWIFT_VERSION = 4.2;
				TARGETED_DEVICE_FAMILY = "1,2";
			};
			name = Release;
		};
		D2358A6B22AC5A79003B2E43 /* Debug */ = {
			isa = XCBuildConfiguration;
			buildSettings = {
				ALWAYS_EMBED_SWIFT_STANDARD_LIBRARIES = YES;
				BUNDLE_LOADER = "$(TEST_HOST)";
				CODE_SIGN_STYLE = Automatic;
				INFOPLIST_FILE = HackThatTrashTests/Info.plist;
				LD_RUNPATH_SEARCH_PATHS = (
					"$(inherited)",
					"@executable_path/Frameworks",
					"@loader_path/Frameworks",
				);
				PRODUCT_BUNDLE_IDENTIFIER = "tech.shruti-jana.HackThatTrashTests";
				PRODUCT_NAME = "$(TARGET_NAME)";
				SWIFT_VERSION = 4.2;
				TARGETED_DEVICE_FAMILY = "1,2";
				TEST_HOST = "$(BUILT_PRODUCTS_DIR)/HackThatTrash.app/HackThatTrash";
			};
			name = Debug;
		};
		D2358A6C22AC5A79003B2E43 /* Release */ = {
			isa = XCBuildConfiguration;
			buildSettings = {
				ALWAYS_EMBED_SWIFT_STANDARD_LIBRARIES = YES;
				BUNDLE_LOADER = "$(TEST_HOST)";
				CODE_SIGN_STYLE = Automatic;
				INFOPLIST_FILE = HackThatTrashTests/Info.plist;
				LD_RUNPATH_SEARCH_PATHS = (
					"$(inherited)",
					"@executable_path/Frameworks",
					"@loader_path/Frameworks",
				);
				PRODUCT_BUNDLE_IDENTIFIER = "tech.shruti-jana.HackThatTrashTests";
				PRODUCT_NAME = "$(TARGET_NAME)";
				SWIFT_VERSION = 4.2;
				TARGETED_DEVICE_FAMILY = "1,2";
				TEST_HOST = "$(BUILT_PRODUCTS_DIR)/HackThatTrash.app/HackThatTrash";
			};
			name = Release;
		};
		D2358A6E22AC5A79003B2E43 /* Debug */ = {
			isa = XCBuildConfiguration;
			buildSettings = {
				ALWAYS_EMBED_SWIFT_STANDARD_LIBRARIES = YES;
				CODE_SIGN_STYLE = Automatic;
				INFOPLIST_FILE = HackThatTrashUITests/Info.plist;
				LD_RUNPATH_SEARCH_PATHS = (
					"$(inherited)",
					"@executable_path/Frameworks",
					"@loader_path/Frameworks",
				);
				PRODUCT_BUNDLE_IDENTIFIER = "tech.shruti-jana.HackThatTrashUITests";
				PRODUCT_NAME = "$(TARGET_NAME)";
				SWIFT_VERSION = 4.2;
				TARGETED_DEVICE_FAMILY = "1,2";
				TEST_TARGET_NAME = HackThatTrash;
			};
			name = Debug;
		};
		D2358A6F22AC5A79003B2E43 /* Release */ = {
			isa = XCBuildConfiguration;
			buildSettings = {
				ALWAYS_EMBED_SWIFT_STANDARD_LIBRARIES = YES;
				CODE_SIGN_STYLE = Automatic;
				INFOPLIST_FILE = HackThatTrashUITests/Info.plist;
				LD_RUNPATH_SEARCH_PATHS = (
					"$(inherited)",
					"@executable_path/Frameworks",
					"@loader_path/Frameworks",
				);
				PRODUCT_BUNDLE_IDENTIFIER = "tech.shruti-jana.HackThatTrashUITests";
				PRODUCT_NAME = "$(TARGET_NAME)";
				SWIFT_VERSION = 4.2;
				TARGETED_DEVICE_FAMILY = "1,2";
				TEST_TARGET_NAME = HackThatTrash;
			};
			name = Release;
		};
/* End XCBuildConfiguration section */

/* Begin XCConfigurationList section */
		D2358A3722AC5A6B003B2E43 /* Build configuration list for PBXProject "HackThatTrash" */ = {
			isa = XCConfigurationList;
			buildConfigurations = (
				D2358A6522AC5A79003B2E43 /* Debug */,
				D2358A6622AC5A79003B2E43 /* Release */,
			);
			defaultConfigurationIsVisible = 0;
			defaultConfigurationName = Release;
		};
		D2358A6722AC5A79003B2E43 /* Build configuration list for PBXNativeTarget "HackThatTrash" */ = {
			isa = XCConfigurationList;
			buildConfigurations = (
				D2358A6822AC5A79003B2E43 /* Debug */,
				D2358A6922AC5A79003B2E43 /* Release */,
			);
			defaultConfigurationIsVisible = 0;
			defaultConfigurationName = Release;
		};
		D2358A6A22AC5A79003B2E43 /* Build configuration list for PBXNativeTarget "HackThatTrashTests" */ = {
			isa = XCConfigurationList;
			buildConfigurations = (
				D2358A6B22AC5A79003B2E43 /* Debug */,
				D2358A6C22AC5A79003B2E43 /* Release */,
			);
			defaultConfigurationIsVisible = 0;
			defaultConfigurationName = Release;
		};
		D2358A6D22AC5A79003B2E43 /* Build configuration list for PBXNativeTarget "HackThatTrashUITests" */ = {
			isa = XCConfigurationList;
			buildConfigurations = (
				D2358A6E22AC5A79003B2E43 /* Debug */,
				D2358A6F22AC5A79003B2E43 /* Release */,
			);
			defaultConfigurationIsVisible = 0;
			defaultConfigurationName = Release;
		};
/* End XCConfigurationList section */

/* Begin XCVersionGroup section */
		D2358A4622AC5A6C003B2E43 /* HackThatTrash.xcdatamodeld */ = {
			isa = XCVersionGroup;
			children = (
				D2358A4722AC5A6C003B2E43 /* HackThatTrash.xcdatamodel */,
			);
			currentVersion = D2358A4722AC5A6C003B2E43 /* HackThatTrash.xcdatamodel */;
			path = HackThatTrash.xcdatamodeld;
			sourceTree = "<group>";
			versionGroupType = wrapper.xcdatamodel;
		};
/* End XCVersionGroup section */
	};
	rootObject = D2358A3422AC5A6A003B2E43 /* Project object */;
}
